// !$*UTF8*$!
{
	archiveVersion = 1;
	classes = {
	};
	objectVersion = 46;
	objects = {

/* Begin PBXBuildFile section */
		9D7D251C19A475F4008A845F /* Foundation.framework in Frameworks */ = {isa = PBXBuildFile; fileRef = 9D7D251B19A475F4008A845F /* Foundation.framework */; };
		9D7D251E19A475F4008A845F /* CoreGraphics.framework in Frameworks */ = {isa = PBXBuildFile; fileRef = 9D7D251D19A475F4008A845F /* CoreGraphics.framework */; };
		9D7D252019A475F4008A845F /* UIKit.framework in Frameworks */ = {isa = PBXBuildFile; fileRef = 9D7D251F19A475F4008A845F /* UIKit.framework */; };
		9D7D252619A475F4008A845F /* InfoPlist.strings in Resources */ = {isa = PBXBuildFile; fileRef = 9D7D252419A475F4008A845F /* InfoPlist.strings */; };
		9D7D252819A475F4008A845F /* main.m in Sources */ = {isa = PBXBuildFile; fileRef = 9D7D252719A475F4008A845F /* main.m */; };
		9D7D252C19A475F4008A845F /* PJCAppDelegate.m in Sources */ = {isa = PBXBuildFile; fileRef = 9D7D252B19A475F4008A845F /* PJCAppDelegate.m */; };
		9D7D252F19A475F4008A845F /* Main.storyboard in Resources */ = {isa = PBXBuildFile; fileRef = 9D7D252D19A475F4008A845F /* Main.storyboard */; };
		9D7D253219A475F4008A845F /* PJCMasterViewController.m in Sources */ = {isa = PBXBuildFile; fileRef = 9D7D253119A475F4008A845F /* PJCMasterViewController.m */; };
		9D7D253519A475F4008A845F /* PJCDetailViewController.m in Sources */ = {isa = PBXBuildFile; fileRef = 9D7D253419A475F4008A845F /* PJCDetailViewController.m */; };
		9D7D253719A475F4008A845F /* Images.xcassets in Resources */ = {isa = PBXBuildFile; fileRef = 9D7D253619A475F4008A845F /* Images.xcassets */; };
		9D7D253E19A475F4008A845F /* XCTest.framework in Frameworks */ = {isa = PBXBuildFile; fileRef = 9D7D253D19A475F4008A845F /* XCTest.framework */; };
		9D7D253F19A475F4008A845F /* Foundation.framework in Frameworks */ = {isa = PBXBuildFile; fileRef = 9D7D251B19A475F4008A845F /* Foundation.framework */; };
		9D7D254019A475F4008A845F /* UIKit.framework in Frameworks */ = {isa = PBXBuildFile; fileRef = 9D7D251F19A475F4008A845F /* UIKit.framework */; };
		9D7D254819A475F4008A845F /* InfoPlist.strings in Resources */ = {isa = PBXBuildFile; fileRef = 9D7D254619A475F4008A845F /* InfoPlist.strings */; };
		9D7D254A19A475F4008A845F /* ProgrammingTestTests.m in Sources */ = {isa = PBXBuildFile; fileRef = 9D7D254919A475F4008A845F /* ProgrammingTestTests.m */; };
		9D7D255819A50C03008A845F /* PJCEntities.m in Sources */ = {isa = PBXBuildFile; fileRef = 9D7D255719A50C03008A845F /* PJCEntities.m */; };
		9D7D255919A50C03008A845F /* PJCEntities.m in Sources */ = {isa = PBXBuildFile; fileRef = 9D7D255719A50C03008A845F /* PJCEntities.m */; };
		9D7D255E19A528C7008A845F /* PJCDeparturesViewController.m in Sources */ = {isa = PBXBuildFile; fileRef = 9D7D255A19A528C7008A845F /* PJCDeparturesViewController.m */; };
		9D7D255F19A528C7008A845F /* PJCDeparturesViewController.m in Sources */ = {isa = PBXBuildFile; fileRef = 9D7D255A19A528C7008A845F /* PJCDeparturesViewController.m */; };
		9D7D256019A528C7008A845F /* PJCStopsViewController.m in Sources */ = {isa = PBXBuildFile; fileRef = 9D7D255B19A528C7008A845F /* PJCStopsViewController.m */; };
		9D7D256119A528C7008A845F /* PJCStopsViewController.m in Sources */ = {isa = PBXBuildFile; fileRef = 9D7D255B19A528C7008A845F /* PJCStopsViewController.m */; };
		B24AE19B6B9B484D9961D5AF /* libPods.a in Frameworks */ = {isa = PBXBuildFile; fileRef = EE58D114A80F461F90306150 /* libPods.a */; };
/* End PBXBuildFile section */

/* Begin PBXContainerItemProxy section */
		9D7D254119A475F4008A845F /* PBXContainerItemProxy */ = {
			isa = PBXContainerItemProxy;
			containerPortal = 9D7D251019A475F4008A845F /* Project object */;
			proxyType = 1;
			remoteGlobalIDString = 9D7D251719A475F4008A845F;
			remoteInfo = ProgrammingTest;
		};
/* End PBXContainerItemProxy section */

/* Begin PBXFileReference section */
		20140BC81D2A473992E5BF5A /* Pods.xcconfig */ = {isa = PBXFileReference; includeInIndex = 1; lastKnownFileType = text.xcconfig; name = Pods.xcconfig; path = ../Pods/Pods.xcconfig; sourceTree = "<group>"; };
		9D7D251819A475F4008A845F /* ProgrammingTest.app */ = {isa = PBXFileReference; explicitFileType = wrapper.application; includeInIndex = 0; path = ProgrammingTest.app; sourceTree = BUILT_PRODUCTS_DIR; };
		9D7D251B19A475F4008A845F /* Foundation.framework */ = {isa = PBXFileReference; lastKnownFileType = wrapper.framework; name = Foundation.framework; path = System/Library/Frameworks/Foundation.framework; sourceTree = SDKROOT; };
		9D7D251D19A475F4008A845F /* CoreGraphics.framework */ = {isa = PBXFileReference; lastKnownFileType = wrapper.framework; name = CoreGraphics.framework; path = System/Library/Frameworks/CoreGraphics.framework; sourceTree = SDKROOT; };
		9D7D251F19A475F4008A845F /* UIKit.framework */ = {isa = PBXFileReference; lastKnownFileType = wrapper.framework; name = UIKit.framework; path = System/Library/Frameworks/UIKit.framework; sourceTree = SDKROOT; };
		9D7D252319A475F4008A845F /* ProgrammingTest-Info.plist */ = {isa = PBXFileReference; lastKnownFileType = text.plist.xml; path = "ProgrammingTest-Info.plist"; sourceTree = "<group>"; };
		9D7D252519A475F4008A845F /* en */ = {isa = PBXFileReference; lastKnownFileType = text.plist.strings; name = en; path = en.lproj/InfoPlist.strings; sourceTree = "<group>"; };
		9D7D252719A475F4008A845F /* main.m */ = {isa = PBXFileReference; lastKnownFileType = sourcecode.c.objc; path = main.m; sourceTree = "<group>"; };
		9D7D252919A475F4008A845F /* ProgrammingTest-Prefix.pch */ = {isa = PBXFileReference; lastKnownFileType = sourcecode.c.h; path = "ProgrammingTest-Prefix.pch"; sourceTree = "<group>"; };
		9D7D252A19A475F4008A845F /* PJCAppDelegate.h */ = {isa = PBXFileReference; lastKnownFileType = sourcecode.c.h; path = PJCAppDelegate.h; sourceTree = "<group>"; };
		9D7D252B19A475F4008A845F /* PJCAppDelegate.m */ = {isa = PBXFileReference; lastKnownFileType = sourcecode.c.objc; path = PJCAppDelegate.m; sourceTree = "<group>"; };
		9D7D252E19A475F4008A845F /* Base */ = {isa = PBXFileReference; lastKnownFileType = file.storyboard; name = Base; path = Base.lproj/Main.storyboard; sourceTree = "<group>"; };
		9D7D253019A475F4008A845F /* PJCMasterViewController.h */ = {isa = PBXFileReference; lastKnownFileType = sourcecode.c.h; path = PJCMasterViewController.h; sourceTree = "<group>"; };
		9D7D253119A475F4008A845F /* PJCMasterViewController.m */ = {isa = PBXFileReference; lastKnownFileType = sourcecode.c.objc; path = PJCMasterViewController.m; sourceTree = "<group>"; };
		9D7D253319A475F4008A845F /* PJCDetailViewController.h */ = {isa = PBXFileReference; lastKnownFileType = sourcecode.c.h; path = PJCDetailViewController.h; sourceTree = "<group>"; };
		9D7D253419A475F4008A845F /* PJCDetailViewController.m */ = {isa = PBXFileReference; lastKnownFileType = sourcecode.c.objc; path = PJCDetailViewController.m; sourceTree = "<group>"; };
		9D7D253619A475F4008A845F /* Images.xcassets */ = {isa = PBXFileReference; lastKnownFileType = folder.assetcatalog; path = Images.xcassets; sourceTree = "<group>"; };
		9D7D253C19A475F4008A845F /* ProgrammingTestTests.xctest */ = {isa = PBXFileReference; explicitFileType = wrapper.cfbundle; includeInIndex = 0; path = ProgrammingTestTests.xctest; sourceTree = BUILT_PRODUCTS_DIR; };
		9D7D253D19A475F4008A845F /* XCTest.framework */ = {isa = PBXFileReference; lastKnownFileType = wrapper.framework; name = XCTest.framework; path = Library/Frameworks/XCTest.framework; sourceTree = DEVELOPER_DIR; };
		9D7D254519A475F4008A845F /* ProgrammingTestTests-Info.plist */ = {isa = PBXFileReference; lastKnownFileType = text.plist.xml; path = "ProgrammingTestTests-Info.plist"; sourceTree = "<group>"; };
		9D7D254719A475F4008A845F /* en */ = {isa = PBXFileReference; lastKnownFileType = text.plist.strings; name = en; path = en.lproj/InfoPlist.strings; sourceTree = "<group>"; };
		9D7D254919A475F4008A845F /* ProgrammingTestTests.m */ = {isa = PBXFileReference; lastKnownFileType = sourcecode.c.objc; path = ProgrammingTestTests.m; sourceTree = "<group>"; };
		9D7D255319A4874B008A845F /* PJCEntities.h */ = {isa = PBXFileReference; fileEncoding = 4; lastKnownFileType = sourcecode.c.h; path = PJCEntities.h; sourceTree = "<group>"; };
		9D7D255719A50C03008A845F /* PJCEntities.m */ = {isa = PBXFileReference; fileEncoding = 4; lastKnownFileType = sourcecode.c.objc; path = PJCEntities.m; sourceTree = "<group>"; };
		9D7D255A19A528C7008A845F /* PJCDeparturesViewController.m */ = {isa = PBXFileReference; fileEncoding = 4; lastKnownFileType = sourcecode.c.objc; path = PJCDeparturesViewController.m; sourceTree = "<group>"; };
		9D7D255B19A528C7008A845F /* PJCStopsViewController.m */ = {isa = PBXFileReference; fileEncoding = 4; lastKnownFileType = sourcecode.c.objc; path = PJCStopsViewController.m; sourceTree = "<group>"; };
		9D7D255C19A528C7008A845F /* PJCDeparturesViewController.h */ = {isa = PBXFileReference; fileEncoding = 4; lastKnownFileType = sourcecode.c.h; path = PJCDeparturesViewController.h; sourceTree = "<group>"; };
		9D7D255D19A528C7008A845F /* PJCStopsViewController.h */ = {isa = PBXFileReference; fileEncoding = 4; lastKnownFileType = sourcecode.c.h; path = PJCStopsViewController.h; sourceTree = "<group>"; };
		EE58D114A80F461F90306150 /* libPods.a */ = {isa = PBXFileReference; explicitFileType = archive.ar; includeInIndex = 0; path = libPods.a; sourceTree = BUILT_PRODUCTS_DIR; };
/* End PBXFileReference section */

/* Begin PBXFrameworksBuildPhase section */
		9D7D251519A475F4008A845F /* Frameworks */ = {
			isa = PBXFrameworksBuildPhase;
			buildActionMask = 2147483647;
			files = (
				9D7D251E19A475F4008A845F /* CoreGraphics.framework in Frameworks */,
				9D7D252019A475F4008A845F /* UIKit.framework in Frameworks */,
				9D7D251C19A475F4008A845F /* Foundation.framework in Frameworks */,
				B24AE19B6B9B484D9961D5AF /* libPods.a in Frameworks */,
			);
			runOnlyForDeploymentPostprocessing = 0;
		};
		9D7D253919A475F4008A845F /* Frameworks */ = {
			isa = PBXFrameworksBuildPhase;
			buildActionMask = 2147483647;
			files = (
				9D7D253E19A475F4008A845F /* XCTest.framework in Frameworks */,
				9D7D254019A475F4008A845F /* UIKit.framework in Frameworks */,
				9D7D253F19A475F4008A845F /* Foundation.framework in Frameworks */,
			);
			runOnlyForDeploymentPostprocessing = 0;
		};
/* End PBXFrameworksBuildPhase section */

/* Begin PBXGroup section */
		9D7D250F19A475F4008A845F = {
			isa = PBXGroup;
			children = (
				9D7D252119A475F4008A845F /* ProgrammingTest */,
				9D7D254319A475F4008A845F /* ProgrammingTestTests */,
				9D7D251A19A475F4008A845F /* Frameworks */,
				9D7D251919A475F4008A845F /* Products */,
				20140BC81D2A473992E5BF5A /* Pods.xcconfig */,
			);
			sourceTree = "<group>";
		};
		9D7D251919A475F4008A845F /* Products */ = {
			isa = PBXGroup;
			children = (
				9D7D251819A475F4008A845F /* ProgrammingTest.app */,
				9D7D253C19A475F4008A845F /* ProgrammingTestTests.xctest */,
			);
			name = Products;
			sourceTree = "<group>";
		};
		9D7D251A19A475F4008A845F /* Frameworks */ = {
			isa = PBXGroup;
			children = (
				9D7D251B19A475F4008A845F /* Foundation.framework */,
				9D7D251D19A475F4008A845F /* CoreGraphics.framework */,
				9D7D251F19A475F4008A845F /* UIKit.framework */,
				9D7D253D19A475F4008A845F /* XCTest.framework */,
				EE58D114A80F461F90306150 /* libPods.a */,
			);
			name = Frameworks;
			sourceTree = "<group>";
		};
		9D7D252119A475F4008A845F /* ProgrammingTest */ = {
			isa = PBXGroup;
			children = (
				9D7D252A19A475F4008A845F /* PJCAppDelegate.h */,
				9D7D252B19A475F4008A845F /* PJCAppDelegate.m */,
				9D7D252D19A475F4008A845F /* Main.storyboard */,
				9D7D253019A475F4008A845F /* PJCMasterViewController.h */,
				9D7D253119A475F4008A845F /* PJCMasterViewController.m */,
				9D7D253319A475F4008A845F /* PJCDetailViewController.h */,
				9D7D253419A475F4008A845F /* PJCDetailViewController.m */,
				9D7D253619A475F4008A845F /* Images.xcassets */,
				9D7D252219A475F4008A845F /* Supporting Files */,
				9D7D255319A4874B008A845F /* PJCEntities.h */,
				9D7D255719A50C03008A845F /* PJCEntities.m */,
				9D7D255C19A528C7008A845F /* PJCDeparturesViewController.h */,
				9D7D255A19A528C7008A845F /* PJCDeparturesViewController.m */,
				9D7D255D19A528C7008A845F /* PJCStopsViewController.h */,
				9D7D255B19A528C7008A845F /* PJCStopsViewController.m */,
			);
			path = ProgrammingTest;
			sourceTree = "<group>";
		};
		9D7D252219A475F4008A845F /* Supporting Files */ = {
			isa = PBXGroup;
			children = (
				9D7D252319A475F4008A845F /* ProgrammingTest-Info.plist */,
				9D7D252419A475F4008A845F /* InfoPlist.strings */,
				9D7D252719A475F4008A845F /* main.m */,
				9D7D252919A475F4008A845F /* ProgrammingTest-Prefix.pch */,
			);
			name = "Supporting Files";
			sourceTree = "<group>";
		};
		9D7D254319A475F4008A845F /* ProgrammingTestTests */ = {
			isa = PBXGroup;
			children = (
				9D7D254919A475F4008A845F /* ProgrammingTestTests.m */,
				9D7D254419A475F4008A845F /* Supporting Files */,
			);
			path = ProgrammingTestTests;
			sourceTree = "<group>";
		};
		9D7D254419A475F4008A845F /* Supporting Files */ = {
			isa = PBXGroup;
			children = (
				9D7D254519A475F4008A845F /* ProgrammingTestTests-Info.plist */,
				9D7D254619A475F4008A845F /* InfoPlist.strings */,
			);
			name = "Supporting Files";
			sourceTree = "<group>";
		};
/* End PBXGroup section */

/* Begin PBXNativeTarget section */
		9D7D251719A475F4008A845F /* ProgrammingTest */ = {
			isa = PBXNativeTarget;
			buildConfigurationList = 9D7D254D19A475F4008A845F /* Build configuration list for PBXNativeTarget "ProgrammingTest" */;
			buildPhases = (
				FCB690C481644DD0A9E2D658 /* Check Pods Manifest.lock */,
				9D7D251419A475F4008A845F /* Sources */,
				9D7D251519A475F4008A845F /* Frameworks */,
				9D7D251619A475F4008A845F /* Resources */,
				59E9DB6B087C489F92256E48 /* Copy Pods Resources */,
			);
			buildRules = (
			);
			dependencies = (
			);
			name = ProgrammingTest;
			productName = ProgrammingTest;
			productReference = 9D7D251819A475F4008A845F /* ProgrammingTest.app */;
			productType = "com.apple.product-type.application";
		};
		9D7D253B19A475F4008A845F /* ProgrammingTestTests */ = {
			isa = PBXNativeTarget;
			buildConfigurationList = 9D7D255019A475F4008A845F /* Build configuration list for PBXNativeTarget "ProgrammingTestTests" */;
			buildPhases = (
				9D7D253819A475F4008A845F /* Sources */,
				9D7D253919A475F4008A845F /* Frameworks */,
				9D7D253A19A475F4008A845F /* Resources */,
			);
			buildRules = (
			);
			dependencies = (
				9D7D254219A475F4008A845F /* PBXTargetDependency */,
			);
			name = ProgrammingTestTests;
			productName = ProgrammingTestTests;
			productReference = 9D7D253C19A475F4008A845F /* ProgrammingTestTests.xctest */;
			productType = "com.apple.product-type.bundle.unit-test";
		};
/* End PBXNativeTarget section */

/* Begin PBXProject section */
		9D7D251019A475F4008A845F /* Project object */ = {
			isa = PBXProject;
			attributes = {
				CLASSPREFIX = PJC;
				LastUpgradeCheck = 0510;
				ORGANIZATIONNAME = "PJ Cabrera";
				TargetAttributes = {
					9D7D253B19A475F4008A845F = {
						TestTargetID = 9D7D251719A475F4008A845F;
					};
				};
			};
			buildConfigurationList = 9D7D251319A475F4008A845F /* Build configuration list for PBXProject "ProgrammingTest" */;
			compatibilityVersion = "Xcode 3.2";
			developmentRegion = English;
			hasScannedForEncodings = 0;
			knownRegions = (
				en,
				Base,
			);
			mainGroup = 9D7D250F19A475F4008A845F;
			productRefGroup = 9D7D251919A475F4008A845F /* Products */;
			projectDirPath = "";
			projectRoot = "";
			targets = (
				9D7D251719A475F4008A845F /* ProgrammingTest */,
				9D7D253B19A475F4008A845F /* ProgrammingTestTests */,
			);
		};
/* End PBXProject section */

/* Begin PBXResourcesBuildPhase section */
		9D7D251619A475F4008A845F /* Resources */ = {
			isa = PBXResourcesBuildPhase;
			buildActionMask = 2147483647;
			files = (
				9D7D253719A475F4008A845F /* Images.xcassets in Resources */,
				9D7D252619A475F4008A845F /* InfoPlist.strings in Resources */,
				9D7D252F19A475F4008A845F /* Main.storyboard in Resources */,
			);
			runOnlyForDeploymentPostprocessing = 0;
		};
		9D7D253A19A475F4008A845F /* Resources */ = {
			isa = PBXResourcesBuildPhase;
			buildActionMask = 2147483647;
			files = (
				9D7D254819A475F4008A845F /* InfoPlist.strings in Resources */,
			);
			runOnlyForDeploymentPostprocessing = 0;
		};
/* End PBXResourcesBuildPhase section */

/* Begin PBXShellScriptBuildPhase section */
		59E9DB6B087C489F92256E48 /* Copy Pods Resources */ = {
			isa = PBXShellScriptBuildPhase;
			buildActionMask = 2147483647;
			files = (
			);
			inputPaths = (
			);
			name = "Copy Pods Resources";
			outputPaths = (
			);
			runOnlyForDeploymentPostprocessing = 0;
			shellPath = /bin/sh;
			shellScript = "\"${SRCROOT}/../Pods/Pods-resources.sh\"\n";
			showEnvVarsInLog = 0;
		};
		FCB690C481644DD0A9E2D658 /* Check Pods Manifest.lock */ = {
			isa = PBXShellScriptBuildPhase;
			buildActionMask = 2147483647;
			files = (
			);
			inputPaths = (
			);
			name = "Check Pods Manifest.lock";
			outputPaths = (
			);
			runOnlyForDeploymentPostprocessing = 0;
			shellPath = /bin/sh;
			shellScript = "diff \"${PODS_ROOT}/../Podfile.lock\" \"${PODS_ROOT}/Manifest.lock\" > /dev/null\nif [[ $? != 0 ]] ; then\n    cat << EOM\nerror: The sandbox is not in sync with the Podfile.lock. Run 'pod install' or update your CocoaPods installation.\nEOM\n    exit 1\nfi\n";
			showEnvVarsInLog = 0;
		};
/* End PBXShellScriptBuildPhase section */

/* Begin PBXSourcesBuildPhase section */
		9D7D251419A475F4008A845F /* Sources */ = {
			isa = PBXSourcesBuildPhase;
			buildActionMask = 2147483647;
			files = (
				9D7D252C19A475F4008A845F /* PJCAppDelegate.m in Sources */,
				9D7D252819A475F4008A845F /* main.m in Sources */,
				9D7D253219A475F4008A845F /* PJCMasterViewController.m in Sources */,
				9D7D256019A528C7008A845F /* PJCStopsViewController.m in Sources */,
				9D7D253519A475F4008A845F /* PJCDetailViewController.m in Sources */,
				9D7D255E19A528C7008A845F /* PJCDeparturesViewController.m in Sources */,
				9D7D255819A50C03008A845F /* PJCEntities.m in Sources */,
			);
			runOnlyForDeploymentPostprocessing = 0;
		};
		9D7D253819A475F4008A845F /* Sources */ = {
			isa = PBXSourcesBuildPhase;
			buildActionMask = 2147483647;
			files = (
				9D7D255919A50C03008A845F /* PJCEntities.m in Sources */,
				9D7D256119A528C7008A845F /* PJCStopsViewController.m in Sources */,
				9D7D255F19A528C7008A845F /* PJCDeparturesViewController.m in Sources */,
				9D7D254A19A475F4008A845F /* ProgrammingTestTests.m in Sources */,
			);
			runOnlyForDeploymentPostprocessing = 0;
		};
/* End PBXSourcesBuildPhase section */

/* Begin PBXTargetDependency section */
		9D7D254219A475F4008A845F /* PBXTargetDependency */ = {
			isa = PBXTargetDependency;
			target = 9D7D251719A475F4008A845F /* ProgrammingTest */;
			targetProxy = 9D7D254119A475F4008A845F /* PBXContainerItemProxy */;
		};
/* End PBXTargetDependency section */

/* Begin PBXVariantGroup section */
		9D7D252419A475F4008A845F /* InfoPlist.strings */ = {
			isa = PBXVariantGroup;
			children = (
				9D7D252519A475F4008A845F /* en */,
			);
			name = InfoPlist.strings;
			sourceTree = "<group>";
		};
		9D7D252D19A475F4008A845F /* Main.storyboard */ = {
			isa = PBXVariantGroup;
			children = (
				9D7D252E19A475F4008A845F /* Base */,
			);
			name = Main.storyboard;
			sourceTree = "<group>";
		};
		9D7D254619A475F4008A845F /* InfoPlist.strings */ = {
			isa = PBXVariantGroup;
			children = (
				9D7D254719A475F4008A845F /* en */,
			);
			name = InfoPlist.strings;
			sourceTree = "<group>";
		};
/* End PBXVariantGroup section */

/* Begin XCBuildConfiguration section */
		9D7D254B19A475F4008A845F /* Debug */ = {
			isa = XCBuildConfiguration;
			buildSettings = {
				ALWAYS_SEARCH_USER_PATHS = NO;
				CLANG_CXX_LANGUAGE_STANDARD = "gnu++0x";
				CLANG_CXX_LIBRARY = "libc++";
				CLANG_ENABLE_MODULES = YES;
				CLANG_ENABLE_OBJC_ARC = YES;
				CLANG_WARN_BOOL_CONVERSION = YES;
				CLANG_WARN_CONSTANT_CONVERSION = YES;
				CLANG_WARN_DIRECT_OBJC_ISA_USAGE = YES_ERROR;
				CLANG_WARN_EMPTY_BODY = YES;
				CLANG_WARN_ENUM_CONVERSION = YES;
				CLANG_WARN_INT_CONVERSION = YES;
				CLANG_WARN_OBJC_ROOT_CLASS = YES_ERROR;
				CLANG_WARN__DUPLICATE_METHOD_MATCH = YES;
				"CODE_SIGN_IDENTITY[sdk=iphoneos*]" = "iPhone Developer";
				COPY_PHASE_STRIP = NO;
				GCC_C_LANGUAGE_STANDARD = gnu99;
				GCC_DYNAMIC_NO_PIC = NO;
				GCC_OPTIMIZATION_LEVEL = 0;
				GCC_PREPROCESSOR_DEFINITIONS = (
					"DEBUG=1",
					"$(inherited)",
				);
				GCC_SYMBOLS_PRIVATE_EXTERN = NO;
				GCC_WARN_64_TO_32_BIT_CONVERSION = YES;
				GCC_WARN_ABOUT_RETURN_TYPE = YES_ERROR;
				GCC_WARN_UNDECLARED_SELECTOR = YES;
				GCC_WARN_UNINITIALIZED_AUTOS = YES_AGGRESSIVE;
				GCC_WARN_UNUSED_FUNCTION = YES;
				GCC_WARN_UNUSED_VARIABLE = YES;
				IPHONEOS_DEPLOYMENT_TARGET = 7.1;
				ONLY_ACTIVE_ARCH = YES;
				SDKROOT = iphoneos;
			};
			name = Debug;
		};
		9D7D254C19A475F4008A845F /* Release */ = {
			isa = XCBuildConfiguration;
			buildSettings = {
				ALWAYS_SEARCH_USER_PATHS = NO;
				CLANG_CXX_LANGUAGE_STANDARD = "gnu++0x";
				CLANG_CXX_LIBRARY = "libc++";
				CLANG_ENABLE_MODULES = YES;
				CLANG_ENABLE_OBJC_ARC = YES;
				CLANG_WARN_BOOL_CONVERSION = YES;
				CLANG_WARN_CONSTANT_CONVERSION = YES;
				CLANG_WARN_DIRECT_OBJC_ISA_USAGE = YES_ERROR;
				CLANG_WARN_EMPTY_BODY = YES;
				CLANG_WARN_ENUM_CONVERSION = YES;
				CLANG_WARN_INT_CONVERSION = YES;
				CLANG_WARN_OBJC_ROOT_CLASS = YES_ERROR;
				CLANG_WARN__DUPLICATE_METHOD_MATCH = YES;
				"CODE_SIGN_IDENTITY[sdk=iphoneos*]" = "iPhone Developer";
				COPY_PHASE_STRIP = YES;
				ENABLE_NS_ASSERTIONS = NO;
				GCC_C_LANGUAGE_STANDARD = gnu99;
				GCC_WARN_64_TO_32_BIT_CONVERSION = YES;
				GCC_WARN_ABOUT_RETURN_TYPE = YES_ERROR;
				GCC_WARN_UNDECLARED_SELECTOR = YES;
				GCC_WARN_UNINITIALIZED_AUTOS = YES_AGGRESSIVE;
				GCC_WARN_UNUSED_FUNCTION = YES;
				GCC_WARN_UNUSED_VARIABLE = YES;
				IPHONEOS_DEPLOYMENT_TARGET = 7.1;
				SDKROOT = iphoneos;
				VALIDATE_PRODUCT = YES;
			};
			name = Release;
		};
		9D7D254E19A475F4008A845F /* Debug */ = {
			isa = XCBuildConfiguration;
			baseConfigurationReference = 20140BC81D2A473992E5BF5A /* Pods.xcconfig */;
			buildSettings = {
				ASSETCATALOG_COMPILER_APPICON_NAME = AppIcon;
				ASSETCATALOG_COMPILER_LAUNCHIMAGE_NAME = LaunchImage;
				GCC_PRECOMPILE_PREFIX_HEADER = YES;
				GCC_PREFIX_HEADER = "ProgrammingTest/ProgrammingTest-Prefix.pch";
				INFOPLIST_FILE = "ProgrammingTest/ProgrammingTest-Info.plist";
				IPHONEOS_DEPLOYMENT_TARGET = 7.0;
				PRODUCT_NAME = "$(TARGET_NAME)";
				WRAPPER_EXTENSION = app;
			};
			name = Debug;
		};
		9D7D254F19A475F4008A845F /* Release */ = {
			isa = XCBuildConfiguration;
			baseConfigurationReference = 20140BC81D2A473992E5BF5A /* Pods.xcconfig */;
			buildSettings = {
				ASSETCATALOG_COMPILER_APPICON_NAME = AppIcon;
				ASSETCATALOG_COMPILER_LAUNCHIMAGE_NAME = LaunchImage;
				GCC_PRECOMPILE_PREFIX_HEADER = YES;
				GCC_PREFIX_HEADER = "ProgrammingTest/ProgrammingTest-Prefix.pch";
				INFOPLIST_FILE = "ProgrammingTest/ProgrammingTest-Info.plist";
				IPHONEOS_DEPLOYMENT_TARGET = 7.0;
				PRODUCT_NAME = "$(TARGET_NAME)";
				WRAPPER_EXTENSION = app;
			};
			name = Release;
		};
		9D7D255119A475F4008A845F /* Debug */ = {
			isa = XCBuildConfiguration;
			buildSettings = {
				BUNDLE_LOADER = "$(BUILT_PRODUCTS_DIR)/ProgrammingTest.app/ProgrammingTest";
				FRAMEWORK_SEARCH_PATHS = (
					"$(SDKROOT)/Developer/Library/Frameworks",
					"$(inherited)",
					"$(DEVELOPER_FRAMEWORKS_DIR)",
				);
				GCC_PRECOMPILE_PREFIX_HEADER = YES;
				GCC_PREFIX_HEADER = "ProgrammingTest/ProgrammingTest-Prefix.pch";
				GCC_PREPROCESSOR_DEFINITIONS = (
					"DEBUG=1",
					"$(inherited)",
				);
				INFOPLIST_FILE = "ProgrammingTestTests/ProgrammingTestTests-Info.plist";
				PRODUCT_NAME = "$(TARGET_NAME)";
				TEST_HOST = "$(BUNDLE_LOADER)";
				WRAPPER_EXTENSION = xctest;
			};
			name = Debug;
		};
		9D7D255219A475F4008A845F /* Release */ = {
			isa = XCBuildConfiguration;
			buildSettings = {
				BUNDLE_LOADER = "$(BUILT_PRODUCTS_DIR)/ProgrammingTest.app/ProgrammingTest";
				FRAMEWORK_SEARCH_PATHS = (
					"$(SDKROOT)/Developer/Library/Frameworks",
					"$(inherited)",
					"$(DEVELOPER_FRAMEWORKS_DIR)",
				);
				GCC_PRECOMPILE_PREFIX_HEADER = YES;
				GCC_PREFIX_HEADER = "ProgrammingTest/ProgrammingTest-Prefix.pch";
				INFOPLIST_FILE = "ProgrammingTestTests/ProgrammingTestTests-Info.plist";
				PRODUCT_NAME = "$(TARGET_NAME)";
				TEST_HOST = "$(BUNDLE_LOADER)";
				WRAPPER_EXTENSION = xctest;
			};
			name = Release;
		};
/* End XCBuildConfiguration section */

/* Begin XCConfigurationList section */
		9D7D251319A475F4008A845F /* Build configuration list for PBXProject "ProgrammingTest" */ = {
			isa = XCConfigurationList;
			buildConfigurations = (
				9D7D254B19A475F4008A845F /* Debug */,
				9D7D254C19A475F4008A845F /* Release */,
			);
			defaultConfigurationIsVisible = 0;
			defaultConfigurationName = Release;
		};
		9D7D254D19A475F4008A845F /* Build configuration list for PBXNativeTarget "ProgrammingTest" */ = {
			isa = XCConfigurationList;
			buildConfigurations = (
				9D7D254E19A475F4008A845F /* Debug */,
				9D7D254F19A475F4008A845F /* Release */,
			);
			defaultConfigurationIsVisible = 0;
			defaultConfigurationName = Release;
		};
		9D7D255019A475F4008A845F /* Build configuration list for PBXNativeTarget "ProgrammingTestTests" */ = {
			isa = XCConfigurationList;
			buildConfigurations = (
				9D7D255119A475F4008A845F /* Debug */,
				9D7D255219A475F4008A845F /* Release */,
			);
			defaultConfigurationIsVisible = 0;
			defaultConfigurationName = Release;
		};
/* End XCConfigurationList section */
	};
	rootObject = 9D7D251019A475F4008A845F /* Project object */;
}
